{
  "version": 4,
  "terraform_version": "1.9.5",
  "serial": 3,
  "lineage": "b6fb7ef7-61f4-9e1c-c8fb-c76c7ab1b40d",
  "outputs": {},
  "resources": [
    {
      "mode": "managed",
      "type": "aws_amplify_app",
      "name": "block_app",
      "provider": "provider[\"registry.terraform.io/hashicorp/aws\"]",
      "instances": [
        {
          "schema_version": 0,
          "attributes": {
            "access_token": "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",
            "arn": "arn:aws:amplify:us-east-1:159169122827:apps/d2rnuega5lzdmi",
            "auto_branch_creation_config": [
              {
                "basic_auth_credentials": "",
                "build_spec": "",
                "enable_auto_build": false,
                "enable_basic_auth": false,
                "enable_performance_mode": false,
                "enable_pull_request_preview": false,
                "environment_variables": {},
                "framework": "",
                "pull_request_environment_name": "",
                "stage": "NONE"
              }
            ],
            "auto_branch_creation_patterns": [
              "*",
              "*/**"
            ],
            "basic_auth_credentials": "",
            "build_spec": "version: 1\r\nfrontend:\r\n  buildPath: test2\r\n  phases:\r\n    preBuild:\r\n      commands:\r\n        - echo Entered the pre-build phase...\r\n        - pwd\r\n        - npm install --force\r\n\r\n    build:\r\n      commands:\r\n        - echo \"🛠️ Setting up your environmental variables...\"\r\n        - echo \"NEXT_PUBLIC_USER_POOL_ID=$USER_POOL_ID\" \u003e\u003e .env\r\n        - echo \"NEXT_PUBLIC_APP_CLIENT_ID=$APP_CLIENT_ID\" \u003e\u003e .env\r\n        - echo \"NEXT_PUBLIC_REGION\" \u003e\u003e .env\r\n        - echo \"Printing environmental variables to the console to ensure they are correct\"\r\n        - cat .env\r\n        - npm run build\r\n        - echo \"✅ Success!\"\r\n  artifacts:\r\n    baseDirectory: .next\r\n    files:\r\n      - \"**/*\"\r\n  cache:\r\n    paths:\r\n      - node_modules/**/*",
            "custom_headers": "",
            "custom_rule": [],
            "default_domain": "d2rnuega5lzdmi.amplifyapp.com",
            "description": "",
            "enable_auto_branch_creation": true,
            "enable_basic_auth": false,
            "enable_branch_auto_build": false,
            "enable_branch_auto_deletion": true,
            "environment_variables": {
              "NEXT_PUBLIC_REGION": "us-east-1",
              "NEXT_PUBLIC_USER_POOL_CLIENT_ID": "7n0seqfh9e2e97mrp14b4dcknm",
              "NEXT_PUBLIC_USER_POOL_ID": "us-east-1_eH3KhD7Is"
            },
            "iam_service_role_arn": "",
            "id": "d2rnuega5lzdmi",
            "name": "block_app",
            "oauth_token": null,
            "platform": "WEB_COMPUTE",
            "production_branch": [],
            "repository": "https://github.com/Tolu-Orina/BlockChainApp",
            "tags": null,
            "tags_all": {}
          },
          "sensitive_attributes": [
            [
              {
                "type": "get_attr",
                "value": "basic_auth_credentials"
              }
            ],
            [
              {
                "type": "get_attr",
                "value": "access_token"
              }
            ],
            [
              {
                "type": "get_attr",
                "value": "auto_branch_creation_config"
              },
              {
                "type": "index",
                "value": {
                  "value": 0,
                  "type": "number"
                }
              },
              {
                "type": "get_attr",
                "value": "basic_auth_credentials"
              }
            ],
            [
              {
                "type": "get_attr",
                "value": "oauth_token"
              }
            ]
          ],
          "private": "bnVsbA=="
        }
      ]
    },
    {
      "mode": "managed",
      "type": "aws_amplify_branch",
      "name": "main_prod",
      "provider": "provider[\"registry.terraform.io/hashicorp/aws\"]",
      "instances": [
        {
          "schema_version": 0,
          "attributes": {
            "app_id": "d2rnuega5lzdmi",
            "arn": "arn:aws:amplify:us-east-1:159169122827:apps/d2rnuega5lzdmi/branches/main",
            "associated_resources": [],
            "backend_environment_arn": "",
            "basic_auth_credentials": "",
            "branch_name": "main",
            "custom_domains": [],
            "description": "",
            "destination_branch": "",
            "display_name": "main",
            "enable_auto_build": true,
            "enable_basic_auth": false,
            "enable_notification": false,
            "enable_performance_mode": false,
            "enable_pull_request_preview": false,
            "environment_variables": null,
            "framework": "Next.js - SSR",
            "id": "d2rnuega5lzdmi/main",
            "pull_request_environment_name": "",
            "source_branch": "",
            "stage": "PRODUCTION",
            "tags": null,
            "tags_all": {},
            "ttl": "5"
          },
          "sensitive_attributes": [
            [
              {
                "type": "get_attr",
                "value": "basic_auth_credentials"
              }
            ]
          ],
          "private": "bnVsbA==",
          "dependencies": [
            "aws_amplify_app.block_app"
          ]
        }
      ]
    }
  ],
  "check_results": null
}
